
Microsoft Visual Studio Solution File, Format Version 12.00
# Visual Studio Version 17
VisualStudioVersion = 17.14.36221.1 d17.14
MinimumVisualStudioVersion = 10.0.40219.1
Project("{FAE04EC0-301F-11D3-BF4B-00C04F79EFBC}") = "VetTrackPreview1", "VetTrackPreview1\VetTrackPreview1.csproj", "{64008D01-1D2B-4E54-AC5F-580BE49FE70D}"
EndProject
Global
	GlobalSection(SolutionConfigurationPlatforms) = preSolution
		Debug|Any CPU = Debug|Any CPU
		Release|Any CPU = Release|Any CPU
	EndGlobalSection
	GlobalSection(ProjectConfigurationPlatforms) = postSolution
		{64008D01-1D2B-4E54-AC5F-580BE49FE70D}.Debug|Any CPU.ActiveCfg = Debug|Any CPU
		{64008D01-1D2B-4E54-AC5F-580BE49FE70D}.Debug|Any CPU.Build.0 = Debug|Any CPU
		{64008D01-1D2B-4E54-AC5F-580BE49FE70D}.Release|Any CPU.ActiveCfg = Release|Any CPU
		{64008D01-1D2B-4E54-AC5F-580BE49FE70D}.Release|Any CPU.Build.0 = Release|Any CPU
	EndGlobalSection
	GlobalSection(SolutionProperties) = preSolution
		HideSolutionNode = FALSE
	EndGlobalSection
	GlobalSection(ExtensibilityGlobals) = postSolution
		SolutionGuid = {A82DD862-BD1D-4459-B901-84FE88A86B11}
	EndGlobalSection
EndGlobal
